
Microsoft Visual Studio Solution File, Format Version 12.00
# Visual Studio 15
VisualStudioVersion = 15.0.28010.2046
MinimumVisualStudioVersion = 10.0.40219.1
Project("{888888A0-9F3D-457C-B088-3A5042F75D52}") = "schoolProject", "schoolProject\schoolProject.pyproj", "{70D45108-109B-4EE8-9663-21CEB150B369}"
EndProject
Project("{888888A0-9F3D-457C-B088-3A5042F75D52}") = "schoolproject1", "schoolproject1\schoolproject1.pyproj", "{1256E274-A674-4948-A90A-4E975F999F75}"
EndProject
Global
	GlobalSection(SolutionConfigurationPlatforms) = preSolution
		Debug|Any CPU = Debug|Any CPU
		Release|Any CPU = Release|Any CPU
	EndGlobalSection
	GlobalSection(ProjectConfigurationPlatforms) = postSolution
		{70D45108-109B-4EE8-9663-21CEB150B369}.Debug|Any CPU.ActiveCfg = Debug|Any CPU
		{70D45108-109B-4EE8-9663-21CEB150B369}.Release|Any CPU.ActiveCfg = Release|Any CPU
		{1256E274-A674-4948-A90A-4E975F999F75}.Debug|Any CPU.ActiveCfg = Debug|Any CPU
		{1256E274-A674-4948-A90A-4E975F999F75}.Release|Any CPU.ActiveCfg = Release|Any CPU
	EndGlobalSection
	GlobalSection(SolutionProperties) = preSolution
		HideSolutionNode = FALSE
	EndGlobalSection
	GlobalSection(ExtensibilityGlobals) = postSolution
		SolutionGuid = {F3A24137-DFA9-47F8-8028-6DAD7AA9735D}
	EndGlobalSection
EndGlobal
